
Microsoft Visual Studio Solution File, Format Version 12.00
# Visual Studio Version 16
VisualStudioVersion = 16.0.29613.14
MinimumVisualStudioVersion = 10.0.40219.1
Project("{FAE04EC0-301F-11D3-BF4B-00C04F79EFBC}") = "WebApp", "WebApp\WebApp.csproj", "{5BD0006F-E626-46E8-9D1B-0A786E1D1ACF}"
EndProject
Project("{FAE04EC0-301F-11D3-BF4B-00C04F79EFBC}") = "PortalIcom", "PortalIcom\PortalIcom.csproj", "{38ABBA8E-9268-44BD-9BD3-6D17D71945F6}"
EndProject
Global
	GlobalSection(SolutionConfigurationPlatforms) = preSolution
		Debug|Any CPU = Debug|Any CPU
		Debug|x86 = Debug|x86
		Release|Any CPU = Release|Any CPU
		Release|x86 = Release|x86
	EndGlobalSection
	GlobalSection(ProjectConfigurationPlatforms) = postSolution
		{5BD0006F-E626-46E8-9D1B-0A786E1D1ACF}.Debug|Any CPU.ActiveCfg = Debug|Any CPU
		{5BD0006F-E626-46E8-9D1B-0A786E1D1ACF}.Debug|Any CPU.Build.0 = Debug|Any CPU
		{5BD0006F-E626-46E8-9D1B-0A786E1D1ACF}.Debug|x86.ActiveCfg = Debug|Any CPU
		{5BD0006F-E626-46E8-9D1B-0A786E1D1ACF}.Debug|x86.Build.0 = Debug|Any CPU
		{5BD0006F-E626-46E8-9D1B-0A786E1D1ACF}.Release|Any CPU.ActiveCfg = Release|Any CPU
		{5BD0006F-E626-46E8-9D1B-0A786E1D1ACF}.Release|Any CPU.Build.0 = Release|Any CPU
		{5BD0006F-E626-46E8-9D1B-0A786E1D1ACF}.Release|x86.ActiveCfg = Release|Any CPU
		{5BD0006F-E626-46E8-9D1B-0A786E1D1ACF}.Release|x86.Build.0 = Release|Any CPU
		{38ABBA8E-9268-44BD-9BD3-6D17D71945F6}.Debug|Any CPU.ActiveCfg = Debug|Any CPU
		{38ABBA8E-9268-44BD-9BD3-6D17D71945F6}.Debug|Any CPU.Build.0 = Debug|Any CPU
		{38ABBA8E-9268-44BD-9BD3-6D17D71945F6}.Debug|x86.ActiveCfg = Debug|Any CPU
		{38ABBA8E-9268-44BD-9BD3-6D17D71945F6}.Debug|x86.Build.0 = Debug|Any CPU
		{38ABBA8E-9268-44BD-9BD3-6D17D71945F6}.Release|Any CPU.ActiveCfg = Release|Any CPU
		{38ABBA8E-9268-44BD-9BD3-6D17D71945F6}.Release|Any CPU.Build.0 = Release|Any CPU
		{38ABBA8E-9268-44BD-9BD3-6D17D71945F6}.Release|x86.ActiveCfg = Release|Any CPU
		{38ABBA8E-9268-44BD-9BD3-6D17D71945F6}.Release|x86.Build.0 = Release|Any CPU
	EndGlobalSection
	GlobalSection(SolutionProperties) = preSolution
		HideSolutionNode = FALSE
	EndGlobalSection
	GlobalSection(ExtensibilityGlobals) = postSolution
		SolutionGuid = {98A44AAC-77C3-44AC-A690-7B9FA4173069}
	EndGlobalSection
EndGlobal
